// !$*UTF8*$!
{
	archiveVersion = 1;
	classes = {
	};
	objectVersion = 46;
	objects = {

/* Begin PBXBuildFile section */
		B69AD7C21BEBFAFF001EE686 /* AppDelegate.swift in Sources */ = {isa = PBXBuildFile; fileRef = B69AD7C11BEBFAFF001EE686 /* AppDelegate.swift */; };
		B69AD7C41BEBFAFF001EE686 /* ViewController.swift in Sources */ = {isa = PBXBuildFile; fileRef = B69AD7C31BEBFAFF001EE686 /* ViewController.swift */; };
		B69AD7C71BEBFAFF001EE686 /* Main.storyboard in Resources */ = {isa = PBXBuildFile; fileRef = B69AD7C51BEBFAFF001EE686 /* Main.storyboard */; };
		B69AD7CA1BEBFAFF001EE686 /* HitList.xcdatamodeld in Sources */ = {isa = PBXBuildFile; fileRef = B69AD7C81BEBFAFF001EE686 /* HitList.xcdatamodeld */; };
		B69AD7CC1BEBFAFF001EE686 /* Assets.xcassets in Resources */ = {isa = PBXBuildFile; fileRef = B69AD7CB1BEBFAFF001EE686 /* Assets.xcassets */; };
		B69AD7CF1BEBFAFF001EE686 /* LaunchScreen.storyboard in Resources */ = {isa = PBXBuildFile; fileRef = B69AD7CD1BEBFAFF001EE686 /* LaunchScreen.storyboard */; };
		B69AD7DA1BEBFAFF001EE686 /* HitListTests.swift in Sources */ = {isa = PBXBuildFile; fileRef = B69AD7D91BEBFAFF001EE686 /* HitListTests.swift */; };
		B69AD7E51BEBFAFF001EE686 /* HitListUITests.swift in Sources */ = {isa = PBXBuildFile; fileRef = B69AD7E41BEBFAFF001EE686 /* HitListUITests.swift */; };
/* End PBXBuildFile section */

/* Begin PBXContainerItemProxy section */
		B69AD7D61BEBFAFF001EE686 /* PBXContainerItemProxy */ = {
			isa = PBXContainerItemProxy;
			containerPortal = B69AD7B61BEBFAFF001EE686 /* Project object */;
			proxyType = 1;
			remoteGlobalIDString = B69AD7BD1BEBFAFF001EE686;
			remoteInfo = HitList;
		};
		B69AD7E11BEBFAFF001EE686 /* PBXContainerItemProxy */ = {
			isa = PBXContainerItemProxy;
			containerPortal = B69AD7B61BEBFAFF001EE686 /* Project object */;
			proxyType = 1;
			remoteGlobalIDString = B69AD7BD1BEBFAFF001EE686;
			remoteInfo = HitList;
		};
/* End PBXContainerItemProxy section */

/* Begin PBXFileReference section */
		B69AD7BE1BEBFAFF001EE686 /* HitList.app */ = {isa = PBXFileReference; explicitFileType = wrapper.application; includeInIndex = 0; path = HitList.app; sourceTree = BUILT_PRODUCTS_DIR; };
		B69AD7C11BEBFAFF001EE686 /* AppDelegate.swift */ = {isa = PBXFileReference; lastKnownFileType = sourcecode.swift; path = AppDelegate.swift; sourceTree = "<group>"; };
		B69AD7C31BEBFAFF001EE686 /* ViewController.swift */ = {isa = PBXFileReference; lastKnownFileType = sourcecode.swift; path = ViewController.swift; sourceTree = "<group>"; };
		B69AD7C61BEBFAFF001EE686 /* Base */ = {isa = PBXFileReference; lastKnownFileType = file.storyboard; name = Base; path = Base.lproj/Main.storyboard; sourceTree = "<group>"; };
		B69AD7C91BEBFAFF001EE686 /* HitList.xcdatamodel */ = {isa = PBXFileReference; lastKnownFileType = wrapper.xcdatamodel; path = HitList.xcdatamodel; sourceTree = "<group>"; };
		B69AD7CB1BEBFAFF001EE686 /* Assets.xcassets */ = {isa = PBXFileReference; lastKnownFileType = folder.assetcatalog; path = Assets.xcassets; sourceTree = "<group>"; };
		B69AD7CE1BEBFAFF001EE686 /* Base */ = {isa = PBXFileReference; lastKnownFileType = file.storyboard; name = Base; path = Base.lproj/LaunchScreen.storyboard; sourceTree = "<group>"; };
		B69AD7D01BEBFAFF001EE686 /* Info.plist */ = {isa = PBXFileReference; lastKnownFileType = text.plist.xml; path = Info.plist; sourceTree = "<group>"; };
		B69AD7D51BEBFAFF001EE686 /* HitListTests.xctest */ = {isa = PBXFileReference; explicitFileType = wrapper.cfbundle; includeInIndex = 0; path = HitListTests.xctest; sourceTree = BUILT_PRODUCTS_DIR; };
		B69AD7D91BEBFAFF001EE686 /* HitListTests.swift */ = {isa = PBXFileReference; lastKnownFileType = sourcecode.swift; path = HitListTests.swift; sourceTree = "<group>"; };
		B69AD7DB1BEBFAFF001EE686 /* Info.plist */ = {isa = PBXFileReference; lastKnownFileType = text.plist.xml; path = Info.plist; sourceTree = "<group>"; };
		B69AD7E01BEBFAFF001EE686 /* HitListUITests.xctest */ = {isa = PBXFileReference; explicitFileType = wrapper.cfbundle; includeInIndex = 0; path = HitListUITests.xctest; sourceTree = BUILT_PRODUCTS_DIR; };
		B69AD7E41BEBFAFF001EE686 /* HitListUITests.swift */ = {isa = PBXFileReference; lastKnownFileType = sourcecode.swift; path = HitListUITests.swift; sourceTree = "<group>"; };
		B69AD7E61BEBFAFF001EE686 /* Info.plist */ = {isa = PBXFileReference; lastKnownFileType = text.plist.xml; path = Info.plist; sourceTree = "<group>"; };
/* End PBXFileReference section */

/* Begin PBXFrameworksBuildPhase section */
		B69AD7BB1BEBFAFF001EE686 /* Frameworks */ = {
			isa = PBXFrameworksBuildPhase;
			buildActionMask = 2147483647;
			files = (
			);
			runOnlyForDeploymentPostprocessing = 0;
		};
		B69AD7D21BEBFAFF001EE686 /* Frameworks */ = {
			isa = PBXFrameworksBuildPhase;
			buildActionMask = 2147483647;
			files = (
			);
			runOnlyForDeploymentPostprocessing = 0;
		};
		B69AD7DD1BEBFAFF001EE686 /* Frameworks */ = {
			isa = PBXFrameworksBuildPhase;
			buildActionMask = 2147483647;
			files = (
			);
			runOnlyForDeploymentPostprocessing = 0;
		};
/* End PBXFrameworksBuildPhase section */

/* Begin PBXGroup section */
		B69AD7B51BEBFAFF001EE686 = {
			isa = PBXGroup;
			children = (
				B69AD7C01BEBFAFF001EE686 /* HitList */,
				B69AD7D81BEBFAFF001EE686 /* HitListTests */,
				B69AD7E31BEBFAFF001EE686 /* HitListUITests */,
				B69AD7BF1BEBFAFF001EE686 /* Products */,
			);
			sourceTree = "<group>";
		};
		B69AD7BF1BEBFAFF001EE686 /* Products */ = {
			isa = PBXGroup;
			children = (
				B69AD7BE1BEBFAFF001EE686 /* HitList.app */,
				B69AD7D51BEBFAFF001EE686 /* HitListTests.xctest */,
				B69AD7E01BEBFAFF001EE686 /* HitListUITests.xctest */,
			);
			name = Products;
			sourceTree = "<group>";
		};
		B69AD7C01BEBFAFF001EE686 /* HitList */ = {
			isa = PBXGroup;
			children = (
				B69AD7C11BEBFAFF001EE686 /* AppDelegate.swift */,
				B69AD7C31BEBFAFF001EE686 /* ViewController.swift */,
				B69AD7C51BEBFAFF001EE686 /* Main.storyboard */,
				B69AD7CB1BEBFAFF001EE686 /* Assets.xcassets */,
				B69AD7CD1BEBFAFF001EE686 /* LaunchScreen.storyboard */,
				B69AD7D01BEBFAFF001EE686 /* Info.plist */,
				B69AD7C81BEBFAFF001EE686 /* HitList.xcdatamodeld */,
			);
			path = HitList;
			sourceTree = "<group>";
		};
		B69AD7D81BEBFAFF001EE686 /* HitListTests */ = {
			isa = PBXGroup;
			children = (
				B69AD7D91BEBFAFF001EE686 /* HitListTests.swift */,
				B69AD7DB1BEBFAFF001EE686 /* Info.plist */,
			);
			path = HitListTests;
			sourceTree = "<group>";
		};
		B69AD7E31BEBFAFF001EE686 /* HitListUITests */ = {
			isa = PBXGroup;
			children = (
				B69AD7E41BEBFAFF001EE686 /* HitListUITests.swift */,
				B69AD7E61BEBFAFF001EE686 /* Info.plist */,
			);
			path = HitListUITests;
			sourceTree = "<group>";
		};
/* End PBXGroup section */

/* Begin PBXNativeTarget section */
		B69AD7BD1BEBFAFF001EE686 /* HitList */ = {
			isa = PBXNativeTarget;
			buildConfigurationList = B69AD7E91BEBFAFF001EE686 /* Build configuration list for PBXNativeTarget "HitList" */;
			buildPhases = (
				B69AD7BA1BEBFAFF001EE686 /* Sources */,
				B69AD7BB1BEBFAFF001EE686 /* Frameworks */,
				B69AD7BC1BEBFAFF001EE686 /* Resources */,
			);
			buildRules = (
			);
			dependencies = (
			);
			name = HitList;
			productName = HitList;
			productReference = B69AD7BE1BEBFAFF001EE686 /* HitList.app */;
			productType = "com.apple.product-type.application";
		};
		B69AD7D41BEBFAFF001EE686 /* HitListTests */ = {
			isa = PBXNativeTarget;
			buildConfigurationList = B69AD7EC1BEBFAFF001EE686 /* Build configuration list for PBXNativeTarget "HitListTests" */;
			buildPhases = (
				B69AD7D11BEBFAFF001EE686 /* Sources */,
				B69AD7D21BEBFAFF001EE686 /* Frameworks */,
				B69AD7D31BEBFAFF001EE686 /* Resources */,
			);
			buildRules = (
			);
			dependencies = (
				B69AD7D71BEBFAFF001EE686 /* PBXTargetDependency */,
			);
			name = HitListTests;
			productName = HitListTests;
			productReference = B69AD7D51BEBFAFF001EE686 /* HitListTests.xctest */;
			productType = "com.apple.product-type.bundle.unit-test";
		};
		B69AD7DF1BEBFAFF001EE686 /* HitListUITests */ = {
			isa = PBXNativeTarget;
			buildConfigurationList = B69AD7EF1BEBFAFF001EE686 /* Build configuration list for PBXNativeTarget "HitListUITests" */;
			buildPhases = (
				B69AD7DC1BEBFAFF001EE686 /* Sources */,
				B69AD7DD1BEBFAFF001EE686 /* Frameworks */,
				B69AD7DE1BEBFAFF001EE686 /* Resources */,
			);
			buildRules = (
			);
			dependencies = (
				B69AD7E21BEBFAFF001EE686 /* PBXTargetDependency */,
			);
			name = HitListUITests;
			productName = HitListUITests;
			productReference = B69AD7E01BEBFAFF001EE686 /* HitListUITests.xctest */;
			productType = "com.apple.product-type.bundle.ui-testing";
		};
/* End PBXNativeTarget section */

/* Begin PBXProject section */
		B69AD7B61BEBFAFF001EE686 /* Project object */ = {
			isa = PBXProject;
			attributes = {
				LastUpgradeCheck = 0700;
				ORGANIZATIONNAME = HConnery;
				TargetAttributes = {
					B69AD7BD1BEBFAFF001EE686 = {
						CreatedOnToolsVersion = 7.0.1;
					};
					B69AD7D41BEBFAFF001EE686 = {
						CreatedOnToolsVersion = 7.0.1;
						TestTargetID = B69AD7BD1BEBFAFF001EE686;
					};
					B69AD7DF1BEBFAFF001EE686 = {
						CreatedOnToolsVersion = 7.0.1;
						TestTargetID = B69AD7BD1BEBFAFF001EE686;
					};
				};
			};
			buildConfigurationList = B69AD7B91BEBFAFF001EE686 /* Build configuration list for PBXProject "HitList" */;
			compatibilityVersion = "Xcode 3.2";
			developmentRegion = English;
			hasScannedForEncodings = 0;
			knownRegions = (
				en,
				Base,
			);
			mainGroup = B69AD7B51BEBFAFF001EE686;
			productRefGroup = B69AD7BF1BEBFAFF001EE686 /* Products */;
			projectDirPath = "";
			projectRoot = "";
			targets = (
				B69AD7BD1BEBFAFF001EE686 /* HitList */,
				B69AD7D41BEBFAFF001EE686 /* HitListTests */,
				B69AD7DF1BEBFAFF001EE686 /* HitListUITests */,
			);
		};
/* End PBXProject section */

/* Begin PBXResourcesBuildPhase section */
		B69AD7BC1BEBFAFF001EE686 /* Resources */ = {
			isa = PBXResourcesBuildPhase;
			buildActionMask = 2147483647;
			files = (
				B69AD7CF1BEBFAFF001EE686 /* LaunchScreen.storyboard in Resources */,
				B69AD7CC1BEBFAFF001EE686 /* Assets.xcassets in Resources */,
				B69AD7C71BEBFAFF001EE686 /* Main.storyboard in Resources */,
			);
			runOnlyForDeploymentPostprocessing = 0;
		};
		B69AD7D31BEBFAFF001EE686 /* Resources */ = {
			isa = PBXResourcesBuildPhase;
			buildActionMask = 2147483647;
			files = (
			);
			runOnlyForDeploymentPostprocessing = 0;
		};
		B69AD7DE1BEBFAFF001EE686 /* Resources */ = {
			isa = PBXResourcesBuildPhase;
			buildActionMask = 2147483647;
			files = (
			);
			runOnlyForDeploymentPostprocessing = 0;
		};
/* End PBXResourcesBuildPhase section */

/* Begin PBXSourcesBuildPhase section */
		B69AD7BA1BEBFAFF001EE686 /* Sources */ = {
			isa = PBXSourcesBuildPhase;
			buildActionMask = 2147483647;
			files = (
				B69AD7CA1BEBFAFF001EE686 /* HitList.xcdatamodeld in Sources */,
				B69AD7C41BEBFAFF001EE686 /* ViewController.swift in Sources */,
				B69AD7C21BEBFAFF001EE686 /* AppDelegate.swift in Sources */,
			);
			runOnlyForDeploymentPostprocessing = 0;
		};
		B69AD7D11BEBFAFF001EE686 /* Sources */ = {
			isa = PBXSourcesBuildPhase;
			buildActionMask = 2147483647;
			files = (
				B69AD7DA1BEBFAFF001EE686 /* HitListTests.swift in Sources */,
			);
			runOnlyForDeploymentPostprocessing = 0;
		};
		B69AD7DC1BEBFAFF001EE686 /* Sources */ = {
			isa = PBXSourcesBuildPhase;
			buildActionMask = 2147483647;
			files = (
				B69AD7E51BEBFAFF001EE686 /* HitListUITests.swift in Sources */,
			);
			runOnlyForDeploymentPostprocessing = 0;
		};
/* End PBXSourcesBuildPhase section */

/* Begin PBXTargetDependency section */
		B69AD7D71BEBFAFF001EE686 /* PBXTargetDependency */ = {
			isa = PBXTargetDependency;
			target = B69AD7BD1BEBFAFF001EE686 /* HitList */;
			targetProxy = B69AD7D61BEBFAFF001EE686 /* PBXContainerItemProxy */;
		};
		B69AD7E21BEBFAFF001EE686 /* PBXTargetDependency */ = {
			isa = PBXTargetDependency;
			target = B69AD7BD1BEBFAFF001EE686 /* HitList */;
			targetProxy = B69AD7E11BEBFAFF001EE686 /* PBXContainerItemProxy */;
		};
/* End PBXTargetDependency section */

/* Begin PBXVariantGroup section */
		B69AD7C51BEBFAFF001EE686 /* Main.storyboard */ = {
			isa = PBXVariantGroup;
			children = (
				B69AD7C61BEBFAFF001EE686 /* Base */,
			);
			name = Main.storyboard;
			sourceTree = "<group>";
		};
		B69AD7CD1BEBFAFF001EE686 /* LaunchScreen.storyboard */ = {
			isa = PBXVariantGroup;
			children = (
				B69AD7CE1BEBFAFF001EE686 /* Base */,
			);
			name = LaunchScreen.storyboard;
			sourceTree = "<group>";
		};
/* End PBXVariantGroup section */

/* Begin XCBuildConfiguration section */
		B69AD7E71BEBFAFF001EE686 /* Debug */ = {
			isa = XCBuildConfiguration;
			buildSettings = {
				ALWAYS_SEARCH_USER_PATHS = NO;
				CLANG_CXX_LANGUAGE_STANDARD = "gnu++0x";
				CLANG_CXX_LIBRARY = "libc++";
				CLANG_ENABLE_MODULES = YES;
				CLANG_ENABLE_OBJC_ARC = YES;
				CLANG_WARN_BOOL_CONVERSION = YES;
				CLANG_WARN_CONSTANT_CONVERSION = YES;
				CLANG_WARN_DIRECT_OBJC_ISA_USAGE = YES_ERROR;
				CLANG_WARN_EMPTY_BODY = YES;
				CLANG_WARN_ENUM_CONVERSION = YES;
				CLANG_WARN_INT_CONVERSION = YES;
				CLANG_WARN_OBJC_ROOT_CLASS = YES_ERROR;
				CLANG_WARN_UNREACHABLE_CODE = YES;
				CLANG_WARN__DUPLICATE_METHOD_MATCH = YES;
				"CODE_SIGN_IDENTITY[sdk=iphoneos*]" = "iPhone Developer";
				COPY_PHASE_STRIP = NO;
				DEBUG_INFORMATION_FORMAT = dwarf;
				ENABLE_STRICT_OBJC_MSGSEND = YES;
				ENABLE_TESTABILITY = YES;
				GCC_C_LANGUAGE_STANDARD = gnu99;
				GCC_DYNAMIC_NO_PIC = NO;
				GCC_NO_COMMON_BLOCKS = YES;
				GCC_OPTIMIZATION_LEVEL = 0;
				GCC_PREPROCESSOR_DEFINITIONS = (
					"DEBUG=1",
					"$(inherited)",
				);
				GCC_WARN_64_TO_32_BIT_CONVERSION = YES;
				GCC_WARN_ABOUT_RETURN_TYPE = YES_ERROR;
				GCC_WARN_UNDECLARED_SELECTOR = YES;
				GCC_WARN_UNINITIALIZED_AUTOS = YES_AGGRESSIVE;
				GCC_WARN_UNUSED_FUNCTION = YES;
				GCC_WARN_UNUSED_VARIABLE = YES;
				IPHONEOS_DEPLOYMENT_TARGET = 9.0;
				MTL_ENABLE_DEBUG_INFO = YES;
				ONLY_ACTIVE_ARCH = YES;
				SDKROOT = iphoneos;
				SWIFT_OPTIMIZATION_LEVEL = "-Onone";
				TARGETED_DEVICE_FAMILY = "1,2";
			};
			name = Debug;
		};
		B69AD7E81BEBFAFF001EE686 /* Release */ = {
			isa = XCBuildConfiguration;
			buildSettings = {
				ALWAYS_SEARCH_USER_PATHS = NO;
				CLANG_CXX_LANGUAGE_STANDARD = "gnu++0x";
				CLANG_CXX_LIBRARY = "libc++";
				CLANG_ENABLE_MODULES = YES;
				CLANG_ENABLE_OBJC_ARC = YES;
				CLANG_WARN_BOOL_CONVERSION = YES;
				CLANG_WARN_CONSTANT_CONVERSION = YES;
				CLANG_WARN_DIRECT_OBJC_ISA_USAGE = YES_ERROR;
				CLANG_WARN_EMPTY_BODY = YES;
				CLANG_WARN_ENUM_CONVERSION = YES;
				CLANG_WARN_INT_CONVERSION = YES;
				CLANG_WARN_OBJC_ROOT_CLASS = YES_ERROR;
				CLANG_WARN_UNREACHABLE_CODE = YES;
				CLANG_WARN__DUPLICATE_METHOD_MATCH = YES;
				"CODE_SIGN_IDENTITY[sdk=iphoneos*]" = "iPhone Developer";
				COPY_PHASE_STRIP = NO;
				DEBUG_INFORMATION_FORMAT = "dwarf-with-dsym";
				ENABLE_NS_ASSERTIONS = NO;
				ENABLE_STRICT_OBJC_MSGSEND = YES;
				GCC_C_LANGUAGE_STANDARD = gnu99;
				GCC_NO_COMMON_BLOCKS = YES;
				GCC_WARN_64_TO_32_BIT_CONVERSION = YES;
				GCC_WARN_ABOUT_RETURN_TYPE = YES_ERROR;
				GCC_WARN_UNDECLARED_SELECTOR = YES;
				GCC_WARN_UNINITIALIZED_AUTOS = YES_AGGRESSIVE;
				GCC_WARN_UNUSED_FUNCTION = YES;
				GCC_WARN_UNUSED_VARIABLE = YES;
				IPHONEOS_DEPLOYMENT_TARGET = 9.0;
				MTL_ENABLE_DEBUG_INFO = NO;
				SDKROOT = iphoneos;
				TARGETED_DEVICE_FAMILY = "1,2";
				VALIDATE_PRODUCT = YES;
			};
			name = Release;
		};
		B69AD7EA1BEBFAFF001EE686 /* Debug */ = {
			isa = XCBuildConfiguration;
			buildSettings = {
				ASSETCATALOG_COMPILER_APPICON_NAME = AppIcon;
				INFOPLIST_FILE = HitList/Info.plist;
				LD_RUNPATH_SEARCH_PATHS = "$(inherited) @executable_path/Frameworks";
				PRODUCT_BUNDLE_IDENTIFIER = com.hconnery.HitList;
				PRODUCT_NAME = "$(TARGET_NAME)";
			};
			name = Debug;
		};
		B69AD7EB1BEBFAFF001EE686 /* Release */ = {
			isa = XCBuildConfiguration;
			buildSettings = {
				ASSETCATALOG_COMPILER_APPICON_NAME = AppIcon;
				INFOPLIST_FILE = HitList/Info.plist;
				LD_RUNPATH_SEARCH_PATHS = "$(inherited) @executable_path/Frameworks";
				PRODUCT_BUNDLE_IDENTIFIER = com.hconnery.HitList;
				PRODUCT_NAME = "$(TARGET_NAME)";
			};
			name = Release;
		};
		B69AD7ED1BEBFAFF001EE686 /* Debug */ = {
			isa = XCBuildConfiguration;
			buildSettings = {
				BUNDLE_LOADER = "$(TEST_HOST)";
				INFOPLIST_FILE = HitListTests/Info.plist;
				LD_RUNPATH_SEARCH_PATHS = "$(inherited) @executable_path/Frameworks @loader_path/Frameworks";
				PRODUCT_BUNDLE_IDENTIFIER = com.hconnery.HitListTests;
				PRODUCT_NAME = "$(TARGET_NAME)";
				TEST_HOST = "$(BUILT_PRODUCTS_DIR)/HitList.app/HitList";
			};
			name = Debug;
		};
		B69AD7EE1BEBFAFF001EE686 /* Release */ = {
			isa = XCBuildConfiguration;
			buildSettings = {
				BUNDLE_LOADER = "$(TEST_HOST)";
				INFOPLIST_FILE = HitListTests/Info.plist;
				LD_RUNPATH_SEARCH_PATHS = "$(inherited) @executable_path/Frameworks @loader_path/Frameworks";
				PRODUCT_BUNDLE_IDENTIFIER = com.hconnery.HitListTests;
				PRODUCT_NAME = "$(TARGET_NAME)";
				TEST_HOST = "$(BUILT_PRODUCTS_DIR)/HitList.app/HitList";
			};
			name = Release;
		};
		B69AD7F01BEBFAFF001EE686 /* Debug */ = {
			isa = XCBuildConfiguration;
			buildSettings = {
				INFOPLIST_FILE = HitListUITests/Info.plist;
				LD_RUNPATH_SEARCH_PATHS = "$(inherited) @executable_path/Frameworks @loader_path/Frameworks";
				PRODUCT_BUNDLE_IDENTIFIER = com.hconnery.HitListUITests;
				PRODUCT_NAME = "$(TARGET_NAME)";
				TEST_TARGET_NAME = HitList;
				USES_XCTRUNNER = YES;
			};
			name = Debug;
		};
		B69AD7F11BEBFAFF001EE686 /* Release */ = {
			isa = XCBuildConfiguration;
			buildSettings = {
				INFOPLIST_FILE = HitListUITests/Info.plist;
				LD_RUNPATH_SEARCH_PATHS = "$(inherited) @executable_path/Frameworks @loader_path/Frameworks";
				PRODUCT_BUNDLE_IDENTIFIER = com.hconnery.HitListUITests;
				PRODUCT_NAME = "$(TARGET_NAME)";
				TEST_TARGET_NAME = HitList;
				USES_XCTRUNNER = YES;
			};
			name = Release;
		};
/* End XCBuildConfiguration section */

/* Begin XCConfigurationList section */
		B69AD7B91BEBFAFF001EE686 /* Build configuration list for PBXProject "HitList" */ = {
			isa = XCConfigurationList;
			buildConfigurations = (
				B69AD7E71BEBFAFF001EE686 /* Debug */,
				B69AD7E81BEBFAFF001EE686 /* Release */,
			);
			defaultConfigurationIsVisible = 0;
			defaultConfigurationName = Release;
		};
		B69AD7E91BEBFAFF001EE686 /* Build configuration list for PBXNativeTarget "HitList" */ = {
			isa = XCConfigurationList;
			buildConfigurations = (
				B69AD7EA1BEBFAFF001EE686 /* Debug */,
				B69AD7EB1BEBFAFF001EE686 /* Release */,
			);
			defaultConfigurationIsVisible = 0;
		};
		B69AD7EC1BEBFAFF001EE686 /* Build configuration list for PBXNativeTarget "HitListTests" */ = {
			isa = XCConfigurationList;
			buildConfigurations = (
				B69AD7ED1BEBFAFF001EE686 /* Debug */,
				B69AD7EE1BEBFAFF001EE686 /* Release */,
			);
			defaultConfigurationIsVisible = 0;
		};
		B69AD7EF1BEBFAFF001EE686 /* Build configuration list for PBXNativeTarget "HitListUITests" */ = {
			isa = XCConfigurationList;
			buildConfigurations = (
				B69AD7F01BEBFAFF001EE686 /* Debug */,
				B69AD7F11BEBFAFF001EE686 /* Release */,
			);
			defaultConfigurationIsVisible = 0;
		};
/* End XCConfigurationList section */

/* Begin XCVersionGroup section */
		B69AD7C81BEBFAFF001EE686 /* HitList.xcdatamodeld */ = {
			isa = XCVersionGroup;
			children = (
				B69AD7C91BEBFAFF001EE686 /* HitList.xcdatamodel */,
			);
			currentVersion = B69AD7C91BEBFAFF001EE686 /* HitList.xcdatamodel */;
			path = HitList.xcdatamodeld;
			sourceTree = "<group>";
			versionGroupType = wrapper.xcdatamodel;
		};
/* End XCVersionGroup section */
	};
	rootObject = B69AD7B61BEBFAFF001EE686 /* Project object */;
}
